// !$*UTF8*$!
{
	archiveVersion = 1;
	classes = {
	};
	objectVersion = 50;
	objects = {

/* Begin PBXBuildFile section */
		491567ED211837AF00715489 /* AppDelegate.swift in Sources */ = {isa = PBXBuildFile; fileRef = 491567EC211837AF00715489 /* AppDelegate.swift */; };
		491567EF211837AF00715489 /* ViewController.swift in Sources */ = {isa = PBXBuildFile; fileRef = 491567EE211837AF00715489 /* ViewController.swift */; };
		491567F2211837AF00715489 /* Main.storyboard in Resources */ = {isa = PBXBuildFile; fileRef = 491567F0211837AF00715489 /* Main.storyboard */; };
		491567F5211837AF00715489 /* Cinema.xcdatamodeld in Sources */ = {isa = PBXBuildFile; fileRef = 491567F3211837AF00715489 /* Cinema.xcdatamodeld */; };
		491567F7211837B100715489 /* Assets.xcassets in Resources */ = {isa = PBXBuildFile; fileRef = 491567F6211837B100715489 /* Assets.xcassets */; };
		491567FA211837B100715489 /* LaunchScreen.storyboard in Resources */ = {isa = PBXBuildFile; fileRef = 491567F8211837B100715489 /* LaunchScreen.storyboard */; };
		49156805211837B100715489 /* CinemaTests.swift in Sources */ = {isa = PBXBuildFile; fileRef = 49156804211837B100715489 /* CinemaTests.swift */; };
		49156810211837B100715489 /* CinemaUITests.swift in Sources */ = {isa = PBXBuildFile; fileRef = 4915680F211837B100715489 /* CinemaUITests.swift */; };
/* End PBXBuildFile section */

/* Begin PBXContainerItemProxy section */
		49156801211837B100715489 /* PBXContainerItemProxy */ = {
			isa = PBXContainerItemProxy;
			containerPortal = 491567E1211837AF00715489 /* Project object */;
			proxyType = 1;
			remoteGlobalIDString = 491567E8211837AF00715489;
			remoteInfo = Cinema;
		};
		4915680C211837B100715489 /* PBXContainerItemProxy */ = {
			isa = PBXContainerItemProxy;
			containerPortal = 491567E1211837AF00715489 /* Project object */;
			proxyType = 1;
			remoteGlobalIDString = 491567E8211837AF00715489;
			remoteInfo = Cinema;
		};
/* End PBXContainerItemProxy section */

/* Begin PBXFileReference section */
		491567E9211837AF00715489 /* Cinema.app */ = {isa = PBXFileReference; explicitFileType = wrapper.application; includeInIndex = 0; path = Cinema.app; sourceTree = BUILT_PRODUCTS_DIR; };
		491567EC211837AF00715489 /* AppDelegate.swift */ = {isa = PBXFileReference; lastKnownFileType = sourcecode.swift; path = AppDelegate.swift; sourceTree = "<group>"; };
		491567EE211837AF00715489 /* ViewController.swift */ = {isa = PBXFileReference; lastKnownFileType = sourcecode.swift; path = ViewController.swift; sourceTree = "<group>"; };
		491567F1211837AF00715489 /* Base */ = {isa = PBXFileReference; lastKnownFileType = file.storyboard; name = Base; path = Base.lproj/Main.storyboard; sourceTree = "<group>"; };
		491567F4211837AF00715489 /* Cinema.xcdatamodel */ = {isa = PBXFileReference; lastKnownFileType = wrapper.xcdatamodel; path = Cinema.xcdatamodel; sourceTree = "<group>"; };
		491567F6211837B100715489 /* Assets.xcassets */ = {isa = PBXFileReference; lastKnownFileType = folder.assetcatalog; path = Assets.xcassets; sourceTree = "<group>"; };
		491567F9211837B100715489 /* Base */ = {isa = PBXFileReference; lastKnownFileType = file.storyboard; name = Base; path = Base.lproj/LaunchScreen.storyboard; sourceTree = "<group>"; };
		491567FB211837B100715489 /* Info.plist */ = {isa = PBXFileReference; lastKnownFileType = text.plist.xml; path = Info.plist; sourceTree = "<group>"; };
		49156800211837B100715489 /* CinemaTests.xctest */ = {isa = PBXFileReference; explicitFileType = wrapper.cfbundle; includeInIndex = 0; path = CinemaTests.xctest; sourceTree = BUILT_PRODUCTS_DIR; };
		49156804211837B100715489 /* CinemaTests.swift */ = {isa = PBXFileReference; lastKnownFileType = sourcecode.swift; path = CinemaTests.swift; sourceTree = "<group>"; };
		49156806211837B100715489 /* Info.plist */ = {isa = PBXFileReference; lastKnownFileType = text.plist.xml; path = Info.plist; sourceTree = "<group>"; };
		4915680B211837B100715489 /* CinemaUITests.xctest */ = {isa = PBXFileReference; explicitFileType = wrapper.cfbundle; includeInIndex = 0; path = CinemaUITests.xctest; sourceTree = BUILT_PRODUCTS_DIR; };
		4915680F211837B100715489 /* CinemaUITests.swift */ = {isa = PBXFileReference; lastKnownFileType = sourcecode.swift; path = CinemaUITests.swift; sourceTree = "<group>"; };
		49156811211837B100715489 /* Info.plist */ = {isa = PBXFileReference; lastKnownFileType = text.plist.xml; path = Info.plist; sourceTree = "<group>"; };
/* End PBXFileReference section */

/* Begin PBXFrameworksBuildPhase section */
		491567E6211837AF00715489 /* Frameworks */ = {
			isa = PBXFrameworksBuildPhase;
			buildActionMask = 2147483647;
			files = (
			);
			runOnlyForDeploymentPostprocessing = 0;
		};
		491567FD211837B100715489 /* Frameworks */ = {
			isa = PBXFrameworksBuildPhase;
			buildActionMask = 2147483647;
			files = (
			);
			runOnlyForDeploymentPostprocessing = 0;
		};
		49156808211837B100715489 /* Frameworks */ = {
			isa = PBXFrameworksBuildPhase;
			buildActionMask = 2147483647;
			files = (
			);
			runOnlyForDeploymentPostprocessing = 0;
		};
/* End PBXFrameworksBuildPhase section */

/* Begin PBXGroup section */
		491567E0211837AF00715489 = {
			isa = PBXGroup;
			children = (
				491567EB211837AF00715489 /* Cinema */,
				49156803211837B100715489 /* CinemaTests */,
				4915680E211837B100715489 /* CinemaUITests */,
				491567EA211837AF00715489 /* Products */,
			);
			sourceTree = "<group>";
		};
		491567EA211837AF00715489 /* Products */ = {
			isa = PBXGroup;
			children = (
				491567E9211837AF00715489 /* Cinema.app */,
				49156800211837B100715489 /* CinemaTests.xctest */,
				4915680B211837B100715489 /* CinemaUITests.xctest */,
			);
			name = Products;
			sourceTree = "<group>";
		};
		491567EB211837AF00715489 /* Cinema */ = {
			isa = PBXGroup;
			children = (
				491567EC211837AF00715489 /* AppDelegate.swift */,
				491567EE211837AF00715489 /* ViewController.swift */,
				491567F0211837AF00715489 /* Main.storyboard */,
				491567F6211837B100715489 /* Assets.xcassets */,
				491567F8211837B100715489 /* LaunchScreen.storyboard */,
				491567FB211837B100715489 /* Info.plist */,
				491567F3211837AF00715489 /* Cinema.xcdatamodeld */,
			);
			path = Cinema;
			sourceTree = "<group>";
		};
		49156803211837B100715489 /* CinemaTests */ = {
			isa = PBXGroup;
			children = (
				49156804211837B100715489 /* CinemaTests.swift */,
				49156806211837B100715489 /* Info.plist */,
			);
			path = CinemaTests;
			sourceTree = "<group>";
		};
		4915680E211837B100715489 /* CinemaUITests */ = {
			isa = PBXGroup;
			children = (
				4915680F211837B100715489 /* CinemaUITests.swift */,
				49156811211837B100715489 /* Info.plist */,
			);
			path = CinemaUITests;
			sourceTree = "<group>";
		};
/* End PBXGroup section */

/* Begin PBXNativeTarget section */
		491567E8211837AF00715489 /* Cinema */ = {
			isa = PBXNativeTarget;
			buildConfigurationList = 49156814211837B100715489 /* Build configuration list for PBXNativeTarget "Cinema" */;
			buildPhases = (
				491567E5211837AF00715489 /* Sources */,
				491567E6211837AF00715489 /* Frameworks */,
				491567E7211837AF00715489 /* Resources */,
			);
			buildRules = (
			);
			dependencies = (
			);
			name = Cinema;
			productName = Cinema;
			productReference = 491567E9211837AF00715489 /* Cinema.app */;
			productType = "com.apple.product-type.application";
		};
		491567FF211837B100715489 /* CinemaTests */ = {
			isa = PBXNativeTarget;
			buildConfigurationList = 49156817211837B100715489 /* Build configuration list for PBXNativeTarget "CinemaTests" */;
			buildPhases = (
				491567FC211837B100715489 /* Sources */,
				491567FD211837B100715489 /* Frameworks */,
				491567FE211837B100715489 /* Resources */,
			);
			buildRules = (
			);
			dependencies = (
				49156802211837B100715489 /* PBXTargetDependency */,
			);
			name = CinemaTests;
			productName = CinemaTests;
			productReference = 49156800211837B100715489 /* CinemaTests.xctest */;
			productType = "com.apple.product-type.bundle.unit-test";
		};
		4915680A211837B100715489 /* CinemaUITests */ = {
			isa = PBXNativeTarget;
			buildConfigurationList = 4915681A211837B100715489 /* Build configuration list for PBXNativeTarget "CinemaUITests" */;
			buildPhases = (
				49156807211837B100715489 /* Sources */,
				49156808211837B100715489 /* Frameworks */,
				49156809211837B100715489 /* Resources */,
			);
			buildRules = (
			);
			dependencies = (
				4915680D211837B100715489 /* PBXTargetDependency */,
			);
			name = CinemaUITests;
			productName = CinemaUITests;
			productReference = 4915680B211837B100715489 /* CinemaUITests.xctest */;
			productType = "com.apple.product-type.bundle.ui-testing";
		};
/* End PBXNativeTarget section */

/* Begin PBXProject section */
		491567E1211837AF00715489 /* Project object */ = {
			isa = PBXProject;
			attributes = {
				LastSwiftUpdateCheck = 0940;
				LastUpgradeCheck = 0940;
				ORGANIZATIONNAME = "iiwa-design";
				TargetAttributes = {
					491567E8211837AF00715489 = {
						CreatedOnToolsVersion = 9.4.1;
					};
					491567FF211837B100715489 = {
						CreatedOnToolsVersion = 9.4.1;
						TestTargetID = 491567E8211837AF00715489;
					};
					4915680A211837B100715489 = {
						CreatedOnToolsVersion = 9.4.1;
						TestTargetID = 491567E8211837AF00715489;
					};
				};
			};
			buildConfigurationList = 491567E4211837AF00715489 /* Build configuration list for PBXProject "Cinema" */;
			compatibilityVersion = "Xcode 9.3";
			developmentRegion = en;
			hasScannedForEncodings = 0;
			knownRegions = (
				en,
				Base,
			);
			mainGroup = 491567E0211837AF00715489;
			productRefGroup = 491567EA211837AF00715489 /* Products */;
			projectDirPath = "";
			projectRoot = "";
			targets = (
				491567E8211837AF00715489 /* Cinema */,
				491567FF211837B100715489 /* CinemaTests */,
				4915680A211837B100715489 /* CinemaUITests */,
			);
		};
/* End PBXProject section */

/* Begin PBXResourcesBuildPhase section */
		491567E7211837AF00715489 /* Resources */ = {
			isa = PBXResourcesBuildPhase;
			buildActionMask = 2147483647;
			files = (
				491567FA211837B100715489 /* LaunchScreen.storyboard in Resources */,
				491567F7211837B100715489 /* Assets.xcassets in Resources */,
				491567F2211837AF00715489 /* Main.storyboard in Resources */,
			);
			runOnlyForDeploymentPostprocessing = 0;
		};
		491567FE211837B100715489 /* Resources */ = {
			isa = PBXResourcesBuildPhase;
			buildActionMask = 2147483647;
			files = (
			);
			runOnlyForDeploymentPostprocessing = 0;
		};
		49156809211837B100715489 /* Resources */ = {
			isa = PBXResourcesBuildPhase;
			buildActionMask = 2147483647;
			files = (
			);
			runOnlyForDeploymentPostprocessing = 0;
		};
/* End PBXResourcesBuildPhase section */

/* Begin PBXSourcesBuildPhase section */
		491567E5211837AF00715489 /* Sources */ = {
			isa = PBXSourcesBuildPhase;
			buildActionMask = 2147483647;
			files = (
				491567EF211837AF00715489 /* ViewController.swift in Sources */,
				491567ED211837AF00715489 /* AppDelegate.swift in Sources */,
				491567F5211837AF00715489 /* Cinema.xcdatamodeld in Sources */,
			);
			runOnlyForDeploymentPostprocessing = 0;
		};
		491567FC211837B100715489 /* Sources */ = {
			isa = PBXSourcesBuildPhase;
			buildActionMask = 2147483647;
			files = (
				49156805211837B100715489 /* CinemaTests.swift in Sources */,
			);
			runOnlyForDeploymentPostprocessing = 0;
		};
		49156807211837B100715489 /* Sources */ = {
			isa = PBXSourcesBuildPhase;
			buildActionMask = 2147483647;
			files = (
				49156810211837B100715489 /* CinemaUITests.swift in Sources */,
			);
			runOnlyForDeploymentPostprocessing = 0;
		};
/* End PBXSourcesBuildPhase section */

/* Begin PBXTargetDependency section */
		49156802211837B100715489 /* PBXTargetDependency */ = {
			isa = PBXTargetDependency;
			target = 491567E8211837AF00715489 /* Cinema */;
			targetProxy = 49156801211837B100715489 /* PBXContainerItemProxy */;
		};
		4915680D211837B100715489 /* PBXTargetDependency */ = {
			isa = PBXTargetDependency;
			target = 491567E8211837AF00715489 /* Cinema */;
			targetProxy = 4915680C211837B100715489 /* PBXContainerItemProxy */;
		};
/* End PBXTargetDependency section */

/* Begin PBXVariantGroup section */
		491567F0211837AF00715489 /* Main.storyboard */ = {
			isa = PBXVariantGroup;
			children = (
				491567F1211837AF00715489 /* Base */,
			);
			name = Main.storyboard;
			sourceTree = "<group>";
		};
		491567F8211837B100715489 /* LaunchScreen.storyboard */ = {
			isa = PBXVariantGroup;
			children = (
				491567F9211837B100715489 /* Base */,
			);
			name = LaunchScreen.storyboard;
			sourceTree = "<group>";
		};
/* End PBXVariantGroup section */

/* Begin XCBuildConfiguration section */
		49156812211837B100715489 /* Debug */ = {
			isa = XCBuildConfiguration;
			buildSettings = {
				ALWAYS_SEARCH_USER_PATHS = NO;
				CLANG_ANALYZER_NONNULL = YES;
				CLANG_ANALYZER_NUMBER_OBJECT_CONVERSION = YES_AGGRESSIVE;
				CLANG_CXX_LANGUAGE_STANDARD = "gnu++14";
				CLANG_CXX_LIBRARY = "libc++";
				CLANG_ENABLE_MODULES = YES;
				CLANG_ENABLE_OBJC_ARC = YES;
				CLANG_ENABLE_OBJC_WEAK = YES;
				CLANG_WARN_BLOCK_CAPTURE_AUTORELEASING = YES;
				CLANG_WARN_BOOL_CONVERSION = YES;
				CLANG_WARN_COMMA = YES;
				CLANG_WARN_CONSTANT_CONVERSION = YES;
				CLANG_WARN_DEPRECATED_OBJC_IMPLEMENTATIONS = YES;
				CLANG_WARN_DIRECT_OBJC_ISA_USAGE = YES_ERROR;
				CLANG_WARN_DOCUMENTATION_COMMENTS = YES;
				CLANG_WARN_EMPTY_BODY = YES;
				CLANG_WARN_ENUM_CONVERSION = YES;
				CLANG_WARN_INFINITE_RECURSION = YES;
				CLANG_WARN_INT_CONVERSION = YES;
				CLANG_WARN_NON_LITERAL_NULL_CONVERSION = YES;
				CLANG_WARN_OBJC_IMPLICIT_RETAIN_SELF = YES;
				CLANG_WARN_OBJC_LITERAL_CONVERSION = YES;
				CLANG_WARN_OBJC_ROOT_CLASS = YES_ERROR;
				CLANG_WARN_RANGE_LOOP_ANALYSIS = YES;
				CLANG_WARN_STRICT_PROTOTYPES = YES;
				CLANG_WARN_SUSPICIOUS_MOVE = YES;
				CLANG_WARN_UNGUARDED_AVAILABILITY = YES_AGGRESSIVE;
				CLANG_WARN_UNREACHABLE_CODE = YES;
				CLANG_WARN__DUPLICATE_METHOD_MATCH = YES;
				CODE_SIGN_IDENTITY = "iPhone Developer";
				COPY_PHASE_STRIP = NO;
				DEBUG_INFORMATION_FORMAT = dwarf;
				ENABLE_STRICT_OBJC_MSGSEND = YES;
				ENABLE_TESTABILITY = YES;
				GCC_C_LANGUAGE_STANDARD = gnu11;
				GCC_DYNAMIC_NO_PIC = NO;
				GCC_NO_COMMON_BLOCKS = YES;
				GCC_OPTIMIZATION_LEVEL = 0;
				GCC_PREPROCESSOR_DEFINITIONS = (
					"DEBUG=1",
					"$(inherited)",
				);
				GCC_WARN_64_TO_32_BIT_CONVERSION = YES;
				GCC_WARN_ABOUT_RETURN_TYPE = YES_ERROR;
				GCC_WARN_UNDECLARED_SELECTOR = YES;
				GCC_WARN_UNINITIALIZED_AUTOS = YES_AGGRESSIVE;
				GCC_WARN_UNUSED_FUNCTION = YES;
				GCC_WARN_UNUSED_VARIABLE = YES;
				IPHONEOS_DEPLOYMENT_TARGET = 11.4;
				MTL_ENABLE_DEBUG_INFO = YES;
				ONLY_ACTIVE_ARCH = YES;
				SDKROOT = iphoneos;
				SWIFT_ACTIVE_COMPILATION_CONDITIONS = DEBUG;
				SWIFT_OPTIMIZATION_LEVEL = "-Onone";
			};
			name = Debug;
		};
		49156813211837B100715489 /* Release */ = {
			isa = XCBuildConfiguration;
			buildSettings = {
				ALWAYS_SEARCH_USER_PATHS = NO;
				CLANG_ANALYZER_NONNULL = YES;
				CLANG_ANALYZER_NUMBER_OBJECT_CONVERSION = YES_AGGRESSIVE;
				CLANG_CXX_LANGUAGE_STANDARD = "gnu++14";
				CLANG_CXX_LIBRARY = "libc++";
				CLANG_ENABLE_MODULES = YES;
				CLANG_ENABLE_OBJC_ARC = YES;
				CLANG_ENABLE_OBJC_WEAK = YES;
				CLANG_WARN_BLOCK_CAPTURE_AUTORELEASING = YES;
				CLANG_WARN_BOOL_CONVERSION = YES;
				CLANG_WARN_COMMA = YES;
				CLANG_WARN_CONSTANT_CONVERSION = YES;
				CLANG_WARN_DEPRECATED_OBJC_IMPLEMENTATIONS = YES;
				CLANG_WARN_DIRECT_OBJC_ISA_USAGE = YES_ERROR;
				CLANG_WARN_DOCUMENTATION_COMMENTS = YES;
				CLANG_WARN_EMPTY_BODY = YES;
				CLANG_WARN_ENUM_CONVERSION = YES;
				CLANG_WARN_INFINITE_RECURSION = YES;
				CLANG_WARN_INT_CONVERSION = YES;
				CLANG_WARN_NON_LITERAL_NULL_CONVERSION = YES;
				CLANG_WARN_OBJC_IMPLICIT_RETAIN_SELF = YES;
				CLANG_WARN_OBJC_LITERAL_CONVERSION = YES;
				CLANG_WARN_OBJC_ROOT_CLASS = YES_ERROR;
				CLANG_WARN_RANGE_LOOP_ANALYSIS = YES;
				CLANG_WARN_STRICT_PROTOTYPES = YES;
				CLANG_WARN_SUSPICIOUS_MOVE = YES;
				CLANG_WARN_UNGUARDED_AVAILABILITY = YES_AGGRESSIVE;
				CLANG_WARN_UNREACHABLE_CODE = YES;
				CLANG_WARN__DUPLICATE_METHOD_MATCH = YES;
				CODE_SIGN_IDENTITY = "iPhone Developer";
				COPY_PHASE_STRIP = NO;
				DEBUG_INFORMATION_FORMAT = "dwarf-with-dsym";
				ENABLE_NS_ASSERTIONS = NO;
				ENABLE_STRICT_OBJC_MSGSEND = YES;
				GCC_C_LANGUAGE_STANDARD = gnu11;
				GCC_NO_COMMON_BLOCKS = YES;
				GCC_WARN_64_TO_32_BIT_CONVERSION = YES;
				GCC_WARN_ABOUT_RETURN_TYPE = YES_ERROR;
				GCC_WARN_UNDECLARED_SELECTOR = YES;
				GCC_WARN_UNINITIALIZED_AUTOS = YES_AGGRESSIVE;
				GCC_WARN_UNUSED_FUNCTION = YES;
				GCC_WARN_UNUSED_VARIABLE = YES;
				IPHONEOS_DEPLOYMENT_TARGET = 11.4;
				MTL_ENABLE_DEBUG_INFO = NO;
				SDKROOT = iphoneos;
				SWIFT_COMPILATION_MODE = wholemodule;
				SWIFT_OPTIMIZATION_LEVEL = "-O";
				VALIDATE_PRODUCT = YES;
			};
			name = Release;
		};
		49156815211837B100715489 /* Debug */ = {
			isa = XCBuildConfiguration;
			buildSettings = {
				ASSETCATALOG_COMPILER_APPICON_NAME = AppIcon;
				CODE_SIGN_STYLE = Automatic;
				DEVELOPMENT_TEAM = 29NUFYVRJ6;
				INFOPLIST_FILE = Cinema/Info.plist;
				LD_RUNPATH_SEARCH_PATHS = (
					"$(inherited)",
					"@executable_path/Frameworks",
				);
				PRODUCT_BUNDLE_IDENTIFIER = "com.iiwa-design.Cinema";
				PRODUCT_NAME = "$(TARGET_NAME)";
				SWIFT_VERSION = 4.0;
				TARGETED_DEVICE_FAMILY = "1,2";
			};
			name = Debug;
		};
		49156816211837B100715489 /* Release */ = {
			isa = XCBuildConfiguration;
			buildSettings = {
				ASSETCATALOG_COMPILER_APPICON_NAME = AppIcon;
				CODE_SIGN_STYLE = Automatic;
				DEVELOPMENT_TEAM = 29NUFYVRJ6;
				INFOPLIST_FILE = Cinema/Info.plist;
				LD_RUNPATH_SEARCH_PATHS = (
					"$(inherited)",
					"@executable_path/Frameworks",
				);
				PRODUCT_BUNDLE_IDENTIFIER = "com.iiwa-design.Cinema";
				PRODUCT_NAME = "$(TARGET_NAME)";
				SWIFT_VERSION = 4.0;
				TARGETED_DEVICE_FAMILY = "1,2";
			};
			name = Release;
		};
		49156818211837B100715489 /* Debug */ = {
			isa = XCBuildConfiguration;
			buildSettings = {
				ALWAYS_EMBED_SWIFT_STANDARD_LIBRARIES = YES;
				BUNDLE_LOADER = "$(TEST_HOST)";
				CODE_SIGN_STYLE = Automatic;
				DEVELOPMENT_TEAM = 29NUFYVRJ6;
				INFOPLIST_FILE = CinemaTests/Info.plist;
				LD_RUNPATH_SEARCH_PATHS = (
					"$(inherited)",
					"@executable_path/Frameworks",
					"@loader_path/Frameworks",
				);
				PRODUCT_BUNDLE_IDENTIFIER = "com.iiwa-design.CinemaTests";
				PRODUCT_NAME = "$(TARGET_NAME)";
				SWIFT_VERSION = 4.0;
				TARGETED_DEVICE_FAMILY = "1,2";
				TEST_HOST = "$(BUILT_PRODUCTS_DIR)/Cinema.app/Cinema";
			};
			name = Debug;
		};
		49156819211837B100715489 /* Release */ = {
			isa = XCBuildConfiguration;
			buildSettings = {
				ALWAYS_EMBED_SWIFT_STANDARD_LIBRARIES = YES;
				BUNDLE_LOADER = "$(TEST_HOST)";
				CODE_SIGN_STYLE = Automatic;
				DEVELOPMENT_TEAM = 29NUFYVRJ6;
				INFOPLIST_FILE = CinemaTests/Info.plist;
				LD_RUNPATH_SEARCH_PATHS = (
					"$(inherited)",
					"@executable_path/Frameworks",
					"@loader_path/Frameworks",
				);
				PRODUCT_BUNDLE_IDENTIFIER = "com.iiwa-design.CinemaTests";
				PRODUCT_NAME = "$(TARGET_NAME)";
				SWIFT_VERSION = 4.0;
				TARGETED_DEVICE_FAMILY = "1,2";
				TEST_HOST = "$(BUILT_PRODUCTS_DIR)/Cinema.app/Cinema";
			};
			name = Release;
		};
		4915681B211837B100715489 /* Debug */ = {
			isa = XCBuildConfiguration;
			buildSettings = {
				ALWAYS_EMBED_SWIFT_STANDARD_LIBRARIES = YES;
				CODE_SIGN_STYLE = Automatic;
				DEVELOPMENT_TEAM = 29NUFYVRJ6;
				INFOPLIST_FILE = CinemaUITests/Info.plist;
				LD_RUNPATH_SEARCH_PATHS = (
					"$(inherited)",
					"@executable_path/Frameworks",
					"@loader_path/Frameworks",
				);
				PRODUCT_BUNDLE_IDENTIFIER = "com.iiwa-design.CinemaUITests";
				PRODUCT_NAME = "$(TARGET_NAME)";
				SWIFT_VERSION = 4.0;
				TARGETED_DEVICE_FAMILY = "1,2";
				TEST_TARGET_NAME = Cinema;
			};
			name = Debug;
		};
		4915681C211837B100715489 /* Release */ = {
			isa = XCBuildConfiguration;
			buildSettings = {
				ALWAYS_EMBED_SWIFT_STANDARD_LIBRARIES = YES;
				CODE_SIGN_STYLE = Automatic;
				DEVELOPMENT_TEAM = 29NUFYVRJ6;
				INFOPLIST_FILE = CinemaUITests/Info.plist;
				LD_RUNPATH_SEARCH_PATHS = (
					"$(inherited)",
					"@executable_path/Frameworks",
					"@loader_path/Frameworks",
				);
				PRODUCT_BUNDLE_IDENTIFIER = "com.iiwa-design.CinemaUITests";
				PRODUCT_NAME = "$(TARGET_NAME)";
				SWIFT_VERSION = 4.0;
				TARGETED_DEVICE_FAMILY = "1,2";
				TEST_TARGET_NAME = Cinema;
			};
			name = Release;
		};
/* End XCBuildConfiguration section */

/* Begin XCConfigurationList section */
		491567E4211837AF00715489 /* Build configuration list for PBXProject "Cinema" */ = {
			isa = XCConfigurationList;
			buildConfigurations = (
				49156812211837B100715489 /* Debug */,
				49156813211837B100715489 /* Release */,
			);
			defaultConfigurationIsVisible = 0;
			defaultConfigurationName = Release;
		};
		49156814211837B100715489 /* Build configuration list for PBXNativeTarget "Cinema" */ = {
			isa = XCConfigurationList;
			buildConfigurations = (
				49156815211837B100715489 /* Debug */,
				49156816211837B100715489 /* Release */,
			);
			defaultConfigurationIsVisible = 0;
			defaultConfigurationName = Release;
		};
		49156817211837B100715489 /* Build configuration list for PBXNativeTarget "CinemaTests" */ = {
			isa = XCConfigurationList;
			buildConfigurations = (
				49156818211837B100715489 /* Debug */,
				49156819211837B100715489 /* Release */,
			);
			defaultConfigurationIsVisible = 0;
			defaultConfigurationName = Release;
		};
		4915681A211837B100715489 /* Build configuration list for PBXNativeTarget "CinemaUITests" */ = {
			isa = XCConfigurationList;
			buildConfigurations = (
				4915681B211837B100715489 /* Debug */,
				4915681C211837B100715489 /* Release */,
			);
			defaultConfigurationIsVisible = 0;
			defaultConfigurationName = Release;
		};
/* End XCConfigurationList section */

/* Begin XCVersionGroup section */
		491567F3211837AF00715489 /* Cinema.xcdatamodeld */ = {
			isa = XCVersionGroup;
			children = (
				491567F4211837AF00715489 /* Cinema.xcdatamodel */,
			);
			currentVersion = 491567F4211837AF00715489 /* Cinema.xcdatamodel */;
			path = Cinema.xcdatamodeld;
			sourceTree = "<group>";
			versionGroupType = wrapper.xcdatamodel;
		};
/* End XCVersionGroup section */
	};
	rootObject = 491567E1211837AF00715489 /* Project object */;
}
